
Microsoft Visual Studio Solution File, Format Version 12.00
# Visual Studio Version 17
VisualStudioVersion = 17.3.32929.385
MinimumVisualStudioVersion = 10.0.40219.1
Project("{FAE04EC0-301F-11D3-BF4B-00C04F79EFBC}") = "GoMartApplication", "GoMartApplication\GoMartApplication.csproj", "{2EDF4C6C-A40C-4372-AD2E-0BD96CAE0A0C}"
EndProject
Global
	GlobalSection(SolutionConfigurationPlatforms) = preSolution
		Debug|Any CPU = Debug|Any CPU
		Release|Any CPU = Release|Any CPU
	EndGlobalSection
	GlobalSection(ProjectConfigurationPlatforms) = postSolution
		{2EDF4C6C-A40C-4372-AD2E-0BD96CAE0A0C}.Debug|Any CPU.ActiveCfg = Debug|Any CPU
		{2EDF4C6C-A40C-4372-AD2E-0BD96CAE0A0C}.Debug|Any CPU.Build.0 = Debug|Any CPU
		{2EDF4C6C-A40C-4372-AD2E-0BD96CAE0A0C}.Release|Any CPU.ActiveCfg = Release|Any CPU
		{2EDF4C6C-A40C-4372-AD2E-0BD96CAE0A0C}.Release|Any CPU.Build.0 = Release|Any CPU
	EndGlobalSection
	GlobalSection(SolutionProperties) = preSolution
		HideSolutionNode = FALSE
	EndGlobalSection
	GlobalSection(ExtensibilityGlobals) = postSolution
		SolutionGuid = {99091625-7FE2-4FEE-8496-B67849805255}
	EndGlobalSection
EndGlobal
